
Microsoft Visual Studio Solution File, Format Version 12.00
# Visual Studio Version 17
VisualStudioVersion = 17.14.36811.4 d17.14
MinimumVisualStudioVersion = 10.0.40219.1
Project("{FAE04EC0-301F-11D3-BF4B-00C04F79EFBC}") = "TaskManager.Api", "TaskManager.Api\TaskManager.Api.csproj", "{A569BA05-EE9E-4C18-9374-C76F0B7F0D16}"
EndProject
Global
	GlobalSection(SolutionConfigurationPlatforms) = preSolution
		Debug|Any CPU = Debug|Any CPU
		Release|Any CPU = Release|Any CPU
	EndGlobalSection
	GlobalSection(ProjectConfigurationPlatforms) = postSolution
		{A569BA05-EE9E-4C18-9374-C76F0B7F0D16}.Debug|Any CPU.ActiveCfg = Debug|Any CPU
		{A569BA05-EE9E-4C18-9374-C76F0B7F0D16}.Debug|Any CPU.Build.0 = Debug|Any CPU
		{A569BA05-EE9E-4C18-9374-C76F0B7F0D16}.Release|Any CPU.ActiveCfg = Release|Any CPU
		{A569BA05-EE9E-4C18-9374-C76F0B7F0D16}.Release|Any CPU.Build.0 = Release|Any CPU
	EndGlobalSection
	GlobalSection(SolutionProperties) = preSolution
		HideSolutionNode = FALSE
	EndGlobalSection
	GlobalSection(ExtensibilityGlobals) = postSolution
		SolutionGuid = {D08E3357-FCB6-4B84-84DB-3A39E759BE82}
	EndGlobalSection
EndGlobal
