
Microsoft Visual Studio Solution File, Format Version 12.00
# Visual Studio Version 17
VisualStudioVersion = 17.14.36811.4 d17.14
MinimumVisualStudioVersion = 10.0.40219.1
Project("{FAE04EC0-301F-11D3-BF4B-00C04F79EFBC}") = "TaskManager.Api", "TaskManager.Api\TaskManager.Api.csproj", "{A569BA05-EE9E-4C18-9374-C76F0B7F0D16}"
EndProject
Project("{FAE04EC0-301F-11D3-BF4B-00C04F79EFBC}") = "TaskManager.Domain", "TaskManager.Domain\TaskManager.Domain.csproj", "{1AF5A363-1BAB-4C66-8D03-652027A4FF62}"
EndProject
Project("{FAE04EC0-301F-11D3-BF4B-00C04F79EFBC}") = "TaskManager.Application", "TaskManager.Application\TaskManager.Application.csproj", "{A324459B-9F8E-47E8-ACA0-6524D241FF4E}"
EndProject
Project("{FAE04EC0-301F-11D3-BF4B-00C04F79EFBC}") = "TaskManager.Infrastructure", "TaskManager.Infrastructure\TaskManager.Infrastructure.csproj", "{8599B330-AF9E-4E4F-B107-453C1888541D}"
EndProject
Global
	GlobalSection(SolutionConfigurationPlatforms) = preSolution
		Debug|Any CPU = Debug|Any CPU
		Release|Any CPU = Release|Any CPU
	EndGlobalSection
	GlobalSection(ProjectConfigurationPlatforms) = postSolution
		{A569BA05-EE9E-4C18-9374-C76F0B7F0D16}.Debug|Any CPU.ActiveCfg = Debug|Any CPU
		{A569BA05-EE9E-4C18-9374-C76F0B7F0D16}.Debug|Any CPU.Build.0 = Debug|Any CPU
		{A569BA05-EE9E-4C18-9374-C76F0B7F0D16}.Release|Any CPU.ActiveCfg = Release|Any CPU
		{A569BA05-EE9E-4C18-9374-C76F0B7F0D16}.Release|Any CPU.Build.0 = Release|Any CPU
		{1AF5A363-1BAB-4C66-8D03-652027A4FF62}.Debug|Any CPU.ActiveCfg = Debug|Any CPU
		{1AF5A363-1BAB-4C66-8D03-652027A4FF62}.Debug|Any CPU.Build.0 = Debug|Any CPU
		{1AF5A363-1BAB-4C66-8D03-652027A4FF62}.Release|Any CPU.ActiveCfg = Release|Any CPU
		{1AF5A363-1BAB-4C66-8D03-652027A4FF62}.Release|Any CPU.Build.0 = Release|Any CPU
		{A324459B-9F8E-47E8-ACA0-6524D241FF4E}.Debug|Any CPU.ActiveCfg = Debug|Any CPU
		{A324459B-9F8E-47E8-ACA0-6524D241FF4E}.Debug|Any CPU.Build.0 = Debug|Any CPU
		{A324459B-9F8E-47E8-ACA0-6524D241FF4E}.Release|Any CPU.ActiveCfg = Release|Any CPU
		{A324459B-9F8E-47E8-ACA0-6524D241FF4E}.Release|Any CPU.Build.0 = Release|Any CPU
		{8599B330-AF9E-4E4F-B107-453C1888541D}.Debug|Any CPU.ActiveCfg = Debug|Any CPU
		{8599B330-AF9E-4E4F-B107-453C1888541D}.Debug|Any CPU.Build.0 = Debug|Any CPU
		{8599B330-AF9E-4E4F-B107-453C1888541D}.Release|Any CPU.ActiveCfg = Release|Any CPU
		{8599B330-AF9E-4E4F-B107-453C1888541D}.Release|Any CPU.Build.0 = Release|Any CPU
	EndGlobalSection
	GlobalSection(SolutionProperties) = preSolution
		HideSolutionNode = FALSE
	EndGlobalSection
	GlobalSection(ExtensibilityGlobals) = postSolution
		SolutionGuid = {D08E3357-FCB6-4B84-84DB-3A39E759BE82}
	EndGlobalSection
EndGlobal
